
Microsoft Visual Studio Solution File, Format Version 12.00
# Visual Studio 15
VisualStudioVersion = 15.0.28010.2041
MinimumVisualStudioVersion = 10.0.40219.1
Project("{FAE04EC0-301F-11D3-BF4B-00C04F79EFBC}") = "SignalRBasicDemo", "SignalRBasicDemo\SignalRBasicDemo.csproj", "{94B268A4-DEF5-47B2-8622-043ED05C8689}"
EndProject
Global
	GlobalSection(SolutionConfigurationPlatforms) = preSolution
		Debug|Any CPU = Debug|Any CPU
		Release|Any CPU = Release|Any CPU
	EndGlobalSection
	GlobalSection(ProjectConfigurationPlatforms) = postSolution
		{94B268A4-DEF5-47B2-8622-043ED05C8689}.Debug|Any CPU.ActiveCfg = Debug|Any CPU
		{94B268A4-DEF5-47B2-8622-043ED05C8689}.Debug|Any CPU.Build.0 = Debug|Any CPU
		{94B268A4-DEF5-47B2-8622-043ED05C8689}.Release|Any CPU.ActiveCfg = Release|Any CPU
		{94B268A4-DEF5-47B2-8622-043ED05C8689}.Release|Any CPU.Build.0 = Release|Any CPU
	EndGlobalSection
	GlobalSection(SolutionProperties) = preSolution
		HideSolutionNode = FALSE
	EndGlobalSection
	GlobalSection(ExtensibilityGlobals) = postSolution
		SolutionGuid = {01D6F96F-6555-47CF-8FC0-9737122AB16F}
	EndGlobalSection
EndGlobal
